{
    "_meta": {
        "hash": {
            "sha256": "e55eb74e8c4a5501832a4bb2f8b42008f5d7a1bd337ef261c2101a6c32d4993f"
        },
        "pipfile-spec": 6,
        "requires": {
            "python_version": "3.9"
        },
        "sources": [
            {
                "name": "pypi",
                "url": "https://pypi.org/simple",
                "verify_ssl": true
            }
        ]
    },
    "default": {},
    "develop": {
        "argparse": {
            "hashes": [
                "sha256:62b089a55be1d8949cd2bc7e0df0bddb9e028faefc8c32038cc84862aefdd6e4",
                "sha256:c31647edb69fd3d465a847ea3157d37bed1f95f19760b11a47aa91c04b666314"
            ],
            "version": "==1.4.0"
        },
        "attrs": {
            "hashes": [
                "sha256:29adc2665447e5191d0e7c568fde78b21f9672d344281d0c6e1ab085429b22b6",
                "sha256:86efa402f67bf2df34f51a335487cf46b1ec130d02b8d39fd248abfd30da551c"
            ],
            "markers": "python_version >= '3.5'",
            "version": "==22.1.0"
        },
        "black": {
            "hashes": [
                "sha256:380f1b5da05e5a1429225676655dddb96f5ae8c75bdf91e53d798871b902a115",
                "sha256:7de4cfc7eb6b710de325712d40125689101d21d25283eed7e9998722cf10eb91"
            ],
            "index": "pypi",
            "version": "==21.9b0"
        },
        "build": {
            "hashes": [
                "sha256:1a07724e891cbd898923145eb7752ee7653674c511378eb9c7691aab1612bc3c",
                "sha256:38a7a2b7a0bdc61a42a0a67509d88c71ecfc37b393baba770fae34e20929ff69"
            ],
            "markers": "python_version >= '3.6'",
            "version": "==0.9.0"
        },
        "certifi": {
            "hashes": [
                "sha256:35824b4c3a97115964b408844d64aa14db1cc518f6562e8d7261699d1350a9e3",
                "sha256:4ad3232f5e926d6718ec31cfc1fcadfde020920e278684144551c91769c7bc18"
            ],
            "index": "pypi",
            "version": "==2022.12.7"
        },
        "charset-normalizer": {
            "hashes": [
                "sha256:5a3d016c7c547f69d6f81fb0db9449ce888b418b5b9952cc5e6e66843e9dd845",
                "sha256:83e9a75d1911279afd89352c68b45348559d1fc0506b054b346651b5e7fee29f"
            ],
            "markers": "python_version >= '3.6'",
            "version": "==2.1.1"
        },
        "check-manifest": {
            "hashes": [
                "sha256:365c94d65de4c927d9d8b505371d08ee19f9f369c86b9ac3db97c2754c827c95",
                "sha256:56dadd260a9c7d550b159796d2894b6d0bcc176a94cbc426d9bb93e5e48d12ce"
            ],
            "index": "pypi",
            "version": "==0.47"
        },
        "click": {
            "hashes": [
                "sha256:7682dc8afb30297001674575ea00d1814d808d6a36af415a82bd481d37ba7b8e",
                "sha256:bb4d8133cb15a609f44e8213d9b391b0809795062913b383c62be0ee95b1db48"
            ],
            "markers": "python_version >= '3.7'",
            "version": "==8.1.3"
        },
        "codecov": {
            "hashes": [
                "sha256:585dc217dc3d8185198ceb402f85d5cb5dbfa0c5f350a5abcdf9e347776a5b47",
                "sha256:782a8e5352f22593cbc5427a35320b99490eb24d9dcfa2155fd99d2b75cfb635",
                "sha256:a0da46bb5025426da895af90938def8ee12d37fcbcbbbc15b6dc64cf7ebc51c1"
            ],
            "index": "pypi",
            "version": "==2.1.12"
        },
        "coverage": {
            "extras": [

            ],
            "hashes": [
                "sha256:00368e6328ebff76197fff5f4d5704b44098f89d8d99a67a349ad6674ec0b157",
                "sha256:0389690e0a1c94e9a246dc3130355d70805e51ca509db1bf07fbde27efb33aa4",
                "sha256:065d2181f44392893d37d0a4f9ff60b485d705f733356d0a2fb292a58c6f2e0f",
                "sha256:082febdba717c769da92d5e19e14a659ebef6daab19b67fced304b7b8d2475e2",
                "sha256:0a35ae0d590effb7cc96e7d6935ae2ab8a51526a111fbe0f12d1671aa9fdc377",
                "sha256:142493f0400a0bd5acf03c52971229e937323c3e24c372800ae1c44a503e0921",
                "sha256:186f53367a08e8d24cc534c7cbfa43a82d1618a48dec2e0c56e80577ec1888fe",
                "sha256:2163a00bcd613e95e118c01ea2811f705fbbacf1904d657b24d306879e2303d3",
                "sha256:24ecf342b1e23de259d81b3adc83578935babeb54f6950c9bd9534b12443a49c",
                "sha256:2c24d3e09f433817ddd0cb2e8f82f8b42cd09a8ac558462fedf99be479ed4851",
                "sha256:2d741575de4a13869c9d4a685235bacc897c94afd3703e2ad4fdc362f37e87da",
                "sha256:305ca73c09dd84054a3a8f53d5b70e0325b5b303245d0b96ed505698dc7e8ea7",
                "sha256:4bf1d0a390de707f8bfd49efdcdac9366ce77ed64cb35b344f58b1ec62517317",
                "sha256:50d90d6b753debb7568621125aad4e5fb418e7bdcb0dba3fa6f4ee82994b35d4",
                "sha256:5a2079bca21fa959608223b90cf2f95ce686a6497fb12bfaaa7bb24c3e298199",
                "sha256:60c6d433f0357db7ed2a2a698fb75b8ce919ce547d6d6bc79c576e090f509768",
                "sha256:66cfae29bccea703f02d8997f60d71e236c5a321588f5aa5a318bd88ca23dc0a",
                "sha256:6d6fc990962559de1f3685eb3e365ca60f2e3257bfd145bf675c566b8ebb1944",
                "sha256:703b126f3ad20c463b545e199c4da460695630da5fdfd949de6a6269b45eabab",
                "sha256:730cee22c41852b90948343cdfd183db1e96a9de69fd4dabec3532c582afea68",
                "sha256:7e4a16bde8a3b7424b2955130f5a6c29e741e7138fe05c5d9d72efc356076a80",
                "sha256:801e8277958bc2e6cc1f2443a20a2a97f79583aa64524b130e1c0de44c287ca9",
                "sha256:80baa69a78d5696c60b72dee44ac3d5ccf75ee82e84d018938ddf642d036a6a8",
                "sha256:80c00ce9cef80afbf18d16cb3052f5601ba8d087501d829169eecb33c153346a",
                "sha256:89db5a374d793344087732207ee15869549486b2148e3e2e6effe22146351fcd",
                "sha256:917b98cc5725ea2e0b88c74d34182589a9be07092cb35b861ea9e74189174f71",
                "sha256:9398f8fd89f6f260e94e57559df1885b8200b18312824b617a8789e0f5e7dc74",
                "sha256:95b6f212bb0c7379f1f2f6e47c722fbdc7355d8b7488a68649e83dfa29522704",
                "sha256:9f23313f3e494475581d46de3b8b6bdcf618ee1df412490e779a9aa0a6c72162",
                "sha256:9f6f26e5b129bb0218aab30d368d6ead750517a457986f8854b1df4b4c318098",
                "sha256:a502693c83a2c6558bc45b4c2dc01a00c9b99cb3cf846913438933a44af174fc",
                "sha256:aa4999130a8e892fa9051edc18bf4daa0a2839d3f3de2dcfcbf0ae4619ee3b5e",
                "sha256:b10be0b80784c1beb8061e5ce938d8511a182125de5fc695a60f0561b984d361",
                "sha256:b1f7b23a606aaf2464eb81c23b5b20623e2ba44b4aaca6ea9bfe00e84a1a5264",
                "sha256:b78c8d232d97dbc8ad3a3d94cc15fccabe9a331685d76d2e5cb5284acc4a5feb",
                "sha256:b88fa862817035ad7921f2641c27a85dab12cc685ad3ef29c0caaf5b3d10a868",
                "sha256:b93fb9137070899b5f10d6487724f4427b5945983a785e1e2f1102c5e175c516",
                "sha256:b9639e16c1bc4eb8a78b3b30df4146bb78df5d52ba1b7454b634abd89aede6cc",
                "sha256:baa3b6be365c97f80d92a397cb8963dcd9bc22d101b39784e77a9cad093812f8",
                "sha256:c06c5758bae454a49dc3e7917804b46c31bb4a72cedfc8e7b4f17a318b3de9d6",
                "sha256:c544153709e93ea7e9edcefee72f5afcf484a9cb526067065f9419419f4a3694",
                "sha256:c6c74260ba130f7c20a340e8f9e544b0941621641f53edcf69e4602e12c9f29e",
                "sha256:d040615ff5c02ffd97ba9f0f73b9db34c09b8142fbfdd363b2a79fa6a554242c",
                "sha256:d85774b1ac09ec1d958e63baa436cc4c90e2e910294847ba51dcc3ca3ca04a63",
                "sha256:e508bb216eee8350e77b436f9f99c4f2d8335ecb51483f5ffd8bf5e84aaa56d1",
                "sha256:ea1cb38b1a52392ebb4e93eaf4a44b3cfdec35cca3f78a9a599f27b7f27031e2",
                "sha256:ec310e0029d530d1043f638b7a326b349884421572626bc2909408da7b0d03e5",
                "sha256:ed04b79f53fa975660f1a598120c504a0f4529170eeaf0d823fcc1f06f4d2e0f",
                "sha256:f4909ee1ddabed351f0fa55063a7dbe498001e2245a9602d9fb0fd74afecdca9",
                "sha256:f49ae9e19737493911e7f8e551310f719f463e442ea1ec92fe0804c62066a7e8",
                "sha256:f4c93e6102087dda4931fcd50fa4ad44e8e43e09419290c5f05cc2c690961ebf",
                "sha256:fa1b639d85af4794cb20d7cfd4c5ae38e94a418b17a2318a1992b470fb68260d"
            ],
            "index": "pypi",
            "version": "==5.6b1"
        },
        "coveralls": {
            "hashes": [
                "sha256:15a987d9df877fff44cd81948c5806ffb6eafb757b3443f737888358e96156ee",
                "sha256:aedfcc5296b788ebaf8ace8029376e5f102f67c53d1373f2e821515c15b36527"
            ],
            "index": "pypi",
            "version": "==3.2.0"
        },
        "docopt": {
            "hashes": [
                "sha256:49b3a825280bd66b3aa83585ef59c4a8c82f2c8a522dbe754a8bc8d08c85c491"
            ],
            "version": "==0.6.2"
        },
        "flake8": {
            "hashes": [
                "sha256:07528381786f2a6237b061f6e96610a4167b226cb926e2aa2b6b1d78057c576b",
                "sha256:bf8fd333346d844f616e8d47905ef3a3384edae6b4e9beb0c5101e25e3110907"
            ],
            "index": "pypi",
            "version": "==3.9.2"
        },
        "idna": {
            "hashes": [
                "sha256:814f528e8dead7d329833b91c5faa87d60bf71824cd12a7530b5526063d02cb4",
                "sha256:90b77e79eaa3eba6de819a0c442c0b4ceefc341a7a2ab77d7562bf49f425c5c2"
            ],
            "markers": "python_version >= '3.5'",
            "version": "==3.4"
        },
        "iniconfig": {
            "hashes": [
                "sha256:011e24c64b7f47f6ebd835bb12a743f2fbe9a26d4cecaa7f53bc4f35ee9da8b3",
                "sha256:bc3af051d7d14b2ee5ef9969666def0cd1a000e121eaea580d4a313df4b37f32"
            ],
            "version": "==1.1.1"
        },
        "linecache2": {
            "hashes": [
                "sha256:4b26ff4e7110db76eeb6f5a7b64a82623839d595c2038eeda662f2a2db78e97c",
                "sha256:e78be9c0a0dfcbac712fe04fbf92b96cddae80b1b842f24248214c8496f006ef"
            ],
            "version": "==1.0.0"
        },
        "mccabe": {
            "hashes": [
                "sha256:ab8a6258860da4b6677da4bd2fe5dc2c659cff31b3ee4f7f5d64e79735b80d42",
                "sha256:dd8d182285a0fe56bace7f45b5e7d1a6ebcbf524e8f3bd87eb0f125271b8831f"
            ],
            "version": "==0.6.1"
        },
        "mypy": {
            "hashes": [
                "sha256:088cd9c7904b4ad80bec811053272986611b84221835e079be5bcad029e79dd9",
                "sha256:0aadfb2d3935988ec3815952e44058a3100499f5be5b28c34ac9d79f002a4a9a",
                "sha256:119bed3832d961f3a880787bf621634ba042cb8dc850a7429f643508eeac97b9",
                "sha256:1a85e280d4d217150ce8cb1a6dddffd14e753a4e0c3cf90baabb32cefa41b59e",
                "sha256:3c4b8ca36877fc75339253721f69603a9c7fdb5d4d5a95a1a1b899d8b86a4de2",
                "sha256:3e382b29f8e0ccf19a2df2b29a167591245df90c0b5a2542249873b5c1d78212",
                "sha256:42c266ced41b65ed40a282c575705325fa7991af370036d3f134518336636f5b",
                "sha256:53fd2eb27a8ee2892614370896956af2ff61254c275aaee4c230ae771cadd885",
                "sha256:704098302473cb31a218f1775a873b376b30b4c18229421e9e9dc8916fd16150",
                "sha256:7df1ead20c81371ccd6091fa3e2878559b5c4d4caadaf1a484cf88d93ca06703",
                "sha256:866c41f28cee548475f146aa4d39a51cf3b6a84246969f3759cb3e9c742fc072",
                "sha256:a155d80ea6cee511a3694b108c4494a39f42de11ee4e61e72bc424c490e46457",
                "sha256:adaeee09bfde366d2c13fe6093a7df5df83c9a2ba98638c7d76b010694db760e",
                "sha256:b6fb13123aeef4a3abbcfd7e71773ff3ff1526a7d3dc538f3929a49b42be03f0",
                "sha256:b94e4b785e304a04ea0828759172a15add27088520dc7e49ceade7834275bedb",
                "sha256:c0df2d30ed496a08de5daed2a9ea807d07c21ae0ab23acf541ab88c24b26ab97",
                "sha256:c6c2602dffb74867498f86e6129fd52a2770c48b7cd3ece77ada4fa38f94eba8",
                "sha256:ceb6e0a6e27fb364fb3853389607cf7eb3a126ad335790fa1e14ed02fba50811",
                "sha256:d9dd839eb0dc1bbe866a288ba3c1afc33a202015d2ad83b31e875b5905a079b6",
                "sha256:e4dab234478e3bd3ce83bac4193b2ecd9cf94e720ddd95ce69840273bf44f6de",
                "sha256:ec4e0cd079db280b6bdabdc807047ff3e199f334050db5cbb91ba3e959a67504",
                "sha256:ecd2c3fe726758037234c93df7e98deb257fd15c24c9180dacf1ef829da5f921",
                "sha256:ef565033fa5a958e62796867b1df10c40263ea9ded87164d67572834e57a174d"
            ],
            "index": "pypi",
            "version": "==0.910"
        },
        "mypy-extensions": {
            "hashes": [
                "sha256:090fedd75945a69ae91ce1303b5824f428daf5a028d2f6ab8a299250a846f15d",
                "sha256:2d82818f5bb3e369420cb3c4060a7970edba416647068eb4c5343488a6c604a8"
            ],
            "version": "==0.4.3"
        },
        "packaging": {
            "hashes": [
                "sha256:2198ec20bd4c017b8f9717e00f0c8714076fc2fd93816750ab48e2c41de2cfd3",
                "sha256:957e2148ba0e1a3b282772e791ef1d8083648bc131c8ab0c1feba110ce1146c3"
            ],
            "markers": "python_version >= '3.7'",
            "version": "==22.0"
        },
        "pathspec": {
            "hashes": [
                "sha256:88c2606f2c1e818b978540f73ecc908e13999c6c3a383daf3705652ae79807a5",
                "sha256:8f6bf73e5758fd365ef5d58ce09ac7c27d2833a8d7da51712eac6e27e35141b0"
            ],
            "markers": "python_version >= '3.7'",
            "version": "==0.10.2"
        },
        "pep517": {
            "hashes": [
                "sha256:4ba4446d80aed5b5eac6509ade100bff3e7943a8489de249654a5ae9b33ee35b",
                "sha256:ae69927c5c172be1add9203726d4b84cf3ebad1edcd5f71fcdc746e66e829f59"
            ],
            "markers": "python_version >= '3.6'",
            "version": "==0.13.0"
        },
        "platformdirs": {
            "hashes": [
                "sha256:1a89a12377800c81983db6be069ec068eee989748799b946cce2a6e80dcc54ca",
                "sha256:b46ffafa316e6b83b47489d240ce17173f123a9b9c83282141c3daf26ad9ac2e"
            ],
            "markers": "python_version >= '3.7'",
            "version": "==2.6.0"
        },
        "pluggy": {
            "hashes": [
                "sha256:4224373bacce55f955a878bf9cfa763c1e360858e330072059e10bad68531159",
                "sha256:74134bbf457f031a36d68416e1509f34bd5ccc019f0bcc952c7b909d06b37bd3"
            ],
            "markers": "python_version >= '3.6'",
            "version": "==1.0.0"
        },
        "py": {
            "hashes": [
                "sha256:51c75c4126074b472f746a24399ad32f6053d1b34b68d2fa41e558e6f4a98719",
                "sha256:607c53218732647dff4acdfcd50cb62615cedf612e72d1724fb1a0cc6405b378"
            ],
            "markers": "python_version >= '2.7' and python_version not in '3.0, 3.1, 3.2, 3.3, 3.4'",
            "version": "==1.11.0"
        },
        "pycodestyle": {
            "hashes": [
                "sha256:514f76d918fcc0b55c6680472f0a37970994e07bbb80725808c17089be302068",
                "sha256:c389c1d06bf7904078ca03399a4816f974a1d590090fecea0c63ec26ebaf1cef"
            ],
            "markers": "python_version >= '2.7' and python_version not in '3.0, 3.1, 3.2, 3.3'",
            "version": "==2.7.0"
        },
        "pyflakes": {
            "hashes": [
                "sha256:7893783d01b8a89811dd72d7dfd4d84ff098e5eed95cfa8905b22bbffe52efc3",
                "sha256:f5bc8ecabc05bb9d291eb5203d6810b49040f6ff446a756326104746cc00c1db"
            ],
            "markers": "python_version >= '2.7' and python_version not in '3.0, 3.1, 3.2, 3.3'",
            "version": "==2.3.1"
        },
        "pyicu-binary": {
            "hashes": [
                "sha256:164749f6128b19f26436b1e5ec10595058a78e4ed46150d43bf14028cbffc9d1",
                "sha256:2c29f669f9a18a813c9cc6cb970f5b3f6f63d3de2f1fb788f3f287278687bceb",
                "sha256:349cf0baf1bfff8ecec73f03dbbbf63889747340848d5f4ef367900b165baf56",
                "sha256:35a50c2a505f4890347589a8d902f1fcbdb7b8709e2e6ee8e71b445f3cc03442",
                "sha256:381b032c9e93e581e82a61e4538993e07db4b12b140344170d5b2b60ff802118",
                "sha256:42262ae5617fd43bfa4b80b1ecb04e7641e0829639a297bacc54c1d7c367833c",
                "sha256:4f63682f8430aeda3e6a4b3e0d61192bd5dd93eea234b32a140a95fefcf47bc5",
                "sha256:592d9ca54203af07fb90c0673e3fac48249cf59ee50402bbe36533de52e4b9e7",
                "sha256:76279a28147b4c8af2d4cdebf05d068576bdb7d06e68638d3482680e4a8b495a",
                "sha256:851e074359ac5a3ab98d6996c9871a2ea829e1a7a07380008e0540dba3a849ca",
                "sha256:9a5a59f871d8e75da3c96f90b98c1df31ebc684806b4db38c0144f1145bc3275",
                "sha256:bf390b9bcf081edb9de070722a8baae154451262df85a5601ccc12aa9e0ad187",
                "sha256:f077ee0ab99be181e43d021e94a18c15e6a6023de334e7298eb043f7fd367551",
                "sha256:f2ca477cac88839a0a9266c1c9aea12c9dd751f4fccebd7ac563212da4a21a49",
                "sha256:f4ec16b9e36fa4c9955a07f9c5c15f30b318917a69dbd2c04267668f8301ec9f"
            ],
            "index": "pypi",
            "version": "==2.7.4"
        },
        "pytest": {
            "hashes": [
                "sha256:131b36680866a76e6781d13f101efb86cf674ebb9762eb70d3082b6f29889e89",
                "sha256:7310f8d27bc79ced999e760ca304d69f6ba6c6649c0b60fb0e04a4a77cacc134"
            ],
            "index": "pypi",
            "version": "==6.2.5"
        },
        "pytest-cov": {
            "hashes": [
                "sha256:578d5d15ac4a25e5f961c938b85a05b09fdaae9deef3bb6de9a6e766622ca7a6",
                "sha256:e7f0f5b1617d2210a2cabc266dfe2f4c75a8d32fb89eafb7ad9d06f6d076d470"
            ],
            "index": "pypi",
            "version": "==3.0.0"
        },
        "pytest-flake8": {
            "hashes": [
                "sha256:c28cf23e7d359753c896745fd4ba859495d02e16c84bac36caa8b1eec58f5bc1",
                "sha256:f0259761a903563f33d6f099914afef339c085085e643bee8343eb323b32dd6b"
            ],
            "index": "pypi",
            "version": "==1.0.7"
        },
        "pytest-runner": {
            "hashes": [
                "sha256:0fce5b8dc68760f353979d99fdd6b3ad46330b6b1837e2077a89ebcf204aac91",
                "sha256:85f93af814438ee322b4ea08fe3f5c2ad53b253577f3bd84b2ad451fee450ac5"
            ],
            "index": "pypi",
            "version": "==5.3.1"
        },
        "regex": {
            "hashes": [
                "sha256:052b670fafbe30966bbe5d025e90b2a491f85dfe5b2583a163b5e60a85a321ad",
                "sha256:0653d012b3bf45f194e5e6a41df9258811ac8fc395579fa82958a8b76286bea4",
                "sha256:0a069c8483466806ab94ea9068c34b200b8bfc66b6762f45a831c4baaa9e8cdd",
                "sha256:0cf0da36a212978be2c2e2e2d04bdff46f850108fccc1851332bcae51c8907cc",
                "sha256:131d4be09bea7ce2577f9623e415cab287a3c8e0624f778c1d955ec7c281bd4d",
                "sha256:144486e029793a733e43b2e37df16a16df4ceb62102636ff3db6033994711066",
                "sha256:1ddf14031a3882f684b8642cb74eea3af93a2be68893901b2b387c5fd92a03ec",
                "sha256:1eba476b1b242620c266edf6325b443a2e22b633217a9835a52d8da2b5c051f9",
                "sha256:20f61c9944f0be2dc2b75689ba409938c14876c19d02f7585af4460b6a21403e",
                "sha256:22960019a842777a9fa5134c2364efaed5fbf9610ddc5c904bd3a400973b0eb8",
                "sha256:22e7ebc231d28393dfdc19b185d97e14a0f178bedd78e85aad660e93b646604e",
                "sha256:23cbb932cc53a86ebde0fb72e7e645f9a5eec1a5af7aa9ce333e46286caef783",
                "sha256:29c04741b9ae13d1e94cf93fca257730b97ce6ea64cfe1eba11cf9ac4e85afb6",
                "sha256:2bde29cc44fa81c0a0c8686992c3080b37c488df167a371500b2a43ce9f026d1",
                "sha256:2cdc55ca07b4e70dda898d2ab7150ecf17c990076d3acd7a5f3b25cb23a69f1c",
                "sha256:370f6e97d02bf2dd20d7468ce4f38e173a124e769762d00beadec3bc2f4b3bc4",
                "sha256:395161bbdbd04a8333b9ff9763a05e9ceb4fe210e3c7690f5e68cedd3d65d8e1",
                "sha256:44136355e2f5e06bf6b23d337a75386371ba742ffa771440b85bed367c1318d1",
                "sha256:44a6c2f6374e0033873e9ed577a54a3602b4f609867794c1a3ebba65e4c93ee7",
                "sha256:4919899577ba37f505aaebdf6e7dc812d55e8f097331312db7f1aab18767cce8",
                "sha256:4b4b1fe58cd102d75ef0552cf17242705ce0759f9695334a56644ad2d83903fe",
                "sha256:4bdd56ee719a8f751cf5a593476a441c4e56c9b64dc1f0f30902858c4ef8771d",
                "sha256:4bf41b8b0a80708f7e0384519795e80dcb44d7199a35d52c15cc674d10b3081b",
                "sha256:4cac3405d8dda8bc6ed499557625585544dd5cbf32072dcc72b5a176cb1271c8",
                "sha256:4fe7fda2fe7c8890d454f2cbc91d6c01baf206fbc96d89a80241a02985118c0c",
                "sha256:50921c140561d3db2ab9f5b11c5184846cde686bb5a9dc64cae442926e86f3af",
                "sha256:5217c25229b6a85049416a5c1e6451e9060a1edcf988641e309dbe3ab26d3e49",
                "sha256:5352bea8a8f84b89d45ccc503f390a6be77917932b1c98c4cdc3565137acc714",
                "sha256:542e3e306d1669b25936b64917285cdffcd4f5c6f0247636fec037187bd93542",
                "sha256:543883e3496c8b6d58bd036c99486c3c8387c2fc01f7a342b760c1ea3158a318",
                "sha256:586b36ebda81e6c1a9c5a5d0bfdc236399ba6595e1397842fd4a45648c30f35e",
                "sha256:597f899f4ed42a38df7b0e46714880fb4e19a25c2f66e5c908805466721760f5",
                "sha256:5a260758454580f11dd8743fa98319bb046037dfab4f7828008909d0aa5292bc",
                "sha256:5aefb84a301327ad115e9d346c8e2760009131d9d4b4c6b213648d02e2abe144",
                "sha256:5e6a5567078b3eaed93558842346c9d678e116ab0135e22eb72db8325e90b453",
                "sha256:5ff525698de226c0ca743bfa71fc6b378cda2ddcf0d22d7c37b1cc925c9650a5",
                "sha256:61edbca89aa3f5ef7ecac8c23d975fe7261c12665f1d90a6b1af527bba86ce61",
                "sha256:659175b2144d199560d99a8d13b2228b85e6019b6e09e556209dfb8c37b78a11",
                "sha256:6a9a19bea8495bb419dc5d38c4519567781cd8d571c72efc6aa959473d10221a",
                "sha256:6b30bddd61d2a3261f025ad0f9ee2586988c6a00c780a2fb0a92cea2aa702c54",
                "sha256:6ffd55b5aedc6f25fd8d9f905c9376ca44fcf768673ffb9d160dd6f409bfda73",
                "sha256:702d8fc6f25bbf412ee706bd73019da5e44a8400861dfff7ff31eb5b4a1276dc",
                "sha256:74bcab50a13960f2a610cdcd066e25f1fd59e23b69637c92ad470784a51b1347",
                "sha256:75f591b2055523fc02a4bbe598aa867df9e953255f0b7f7715d2a36a9c30065c",
                "sha256:763b64853b0a8f4f9cfb41a76a4a85a9bcda7fdda5cb057016e7706fde928e66",
                "sha256:76c598ca73ec73a2f568e2a72ba46c3b6c8690ad9a07092b18e48ceb936e9f0c",
                "sha256:78d680ef3e4d405f36f0d6d1ea54e740366f061645930072d39bca16a10d8c93",
                "sha256:7b280948d00bd3973c1998f92e22aa3ecb76682e3a4255f33e1020bd32adf443",
                "sha256:7db345956ecce0c99b97b042b4ca7326feeec6b75facd8390af73b18e2650ffc",
                "sha256:7dbdce0c534bbf52274b94768b3498abdf675a691fec5f751b6057b3030f34c1",
                "sha256:7ef6b5942e6bfc5706301a18a62300c60db9af7f6368042227ccb7eeb22d0892",
                "sha256:7f5a3ffc731494f1a57bd91c47dc483a1e10048131ffb52d901bfe2beb6102e8",
                "sha256:8a45b6514861916c429e6059a55cf7db74670eaed2052a648e3e4d04f070e001",
                "sha256:8ad241da7fac963d7573cc67a064c57c58766b62a9a20c452ca1f21050868dfa",
                "sha256:8b0886885f7323beea6f552c28bff62cbe0983b9fbb94126531693ea6c5ebb90",
                "sha256:8ca88da1bd78990b536c4a7765f719803eb4f8f9971cc22d6ca965c10a7f2c4c",
                "sha256:8e0caeff18b96ea90fc0eb6e3bdb2b10ab5b01a95128dfeccb64a7238decf5f0",
                "sha256:957403a978e10fb3ca42572a23e6f7badff39aa1ce2f4ade68ee452dc6807692",
                "sha256:9af69f6746120998cd9c355e9c3c6aec7dff70d47247188feb4f829502be8ab4",
                "sha256:9c94f7cc91ab16b36ba5ce476f1904c91d6c92441f01cd61a8e2729442d6fcf5",
                "sha256:a37d51fa9a00d265cf73f3de3930fa9c41548177ba4f0faf76e61d512c774690",
                "sha256:a3a98921da9a1bf8457aeee6a551948a83601689e5ecdd736894ea9bbec77e83",
                "sha256:a3c1ebd4ed8e76e886507c9eddb1a891673686c813adf889b864a17fafcf6d66",
                "sha256:a5f9505efd574d1e5b4a76ac9dd92a12acb2b309551e9aa874c13c11caefbe4f",
                "sha256:a8ff454ef0bb061e37df03557afda9d785c905dab15584860f982e88be73015f",
                "sha256:a9d0b68ac1743964755ae2d89772c7e6fb0118acd4d0b7464eaf3921c6b49dd4",
                "sha256:aa62a07ac93b7cb6b7d0389d8ef57ffc321d78f60c037b19dfa78d6b17c928ee",
                "sha256:ac741bf78b9bb432e2d314439275235f41656e189856b11fb4e774d9f7246d81",
                "sha256:ae1e96785696b543394a4e3f15f3f225d44f3c55dafe3f206493031419fedf95",
                "sha256:b683e5fd7f74fb66e89a1ed16076dbab3f8e9f34c18b1979ded614fe10cdc4d9",
                "sha256:b7a8b43ee64ca8f4befa2bea4083f7c52c92864d8518244bfa6e88c751fa8fff",
                "sha256:b8e38472739028e5f2c3a4aded0ab7eadc447f0d84f310c7a8bb697ec417229e",
                "sha256:bfff48c7bd23c6e2aec6454aaf6edc44444b229e94743b34bdcdda2e35126cf5",
                "sha256:c14b63c9d7bab795d17392c7c1f9aaabbffd4cf4387725a0ac69109fb3b550c6",
                "sha256:c27cc1e4b197092e50ddbf0118c788d9977f3f8f35bfbbd3e76c1846a3443df7",
                "sha256:c28d3309ebd6d6b2cf82969b5179bed5fefe6142c70f354ece94324fa11bf6a1",
                "sha256:c670f4773f2f6f1957ff8a3962c7dd12e4be54d05839b216cb7fd70b5a1df394",
                "sha256:ce6910b56b700bea7be82c54ddf2e0ed792a577dfaa4a76b9af07d550af435c6",
                "sha256:d0213671691e341f6849bf33cd9fad21f7b1cb88b89e024f33370733fec58742",
                "sha256:d03fe67b2325cb3f09be029fd5da8df9e6974f0cde2c2ac6a79d2634e791dd57",
                "sha256:d0e5af9a9effb88535a472e19169e09ce750c3d442fb222254a276d77808620b",
                "sha256:d243b36fbf3d73c25e48014961e83c19c9cc92530516ce3c43050ea6276a2ab7",
                "sha256:d26166acf62f731f50bdd885b04b38828436d74e8e362bfcb8df221d868b5d9b",
                "sha256:d403d781b0e06d2922435ce3b8d2376579f0c217ae491e273bab8d092727d244",
                "sha256:d8716f82502997b3d0895d1c64c3b834181b1eaca28f3f6336a71777e437c2af",
                "sha256:e4f781ffedd17b0b834c8731b75cce2639d5a8afe961c1e58ee7f1f20b3af185",
                "sha256:e613a98ead2005c4ce037c7b061f2409a1a4e45099edb0ef3200ee26ed2a69a8",
                "sha256:ef4163770525257876f10e8ece1cf25b71468316f61451ded1a6f44273eedeb5"
            ],
            "markers": "python_version >= '3.6'",
            "version": "==2022.10.31"
        },
        "requests": {
            "hashes": [
                "sha256:7c5599b102feddaa661c826c56ab4fee28bfd17f5abca1ebbe3e7f19d7c97983",
                "sha256:8fefa2a1a1365bf5520aac41836fbee479da67864514bdb821f31ce07ce65349"
            ],
            "markers": "python_version >= '3.7' and python_version < '4'",
            "version": "==2.28.1"
        },
        "setuptools": {
            "hashes": [
                "sha256:57f6f22bde4e042978bcd50176fdb381d7c21a9efa4041202288d3737a0c6a54",
                "sha256:a7620757bf984b58deaf32fc8a4577a9bbc0850cf92c20e1ce41c38c19e5fb75"
            ],
            "markers": "python_version >= '3.7'",
            "version": "==65.6.3"
        },
        "six": {
            "hashes": [
                "sha256:1e61c37477a1626458e36f7b1d82aa5c9b094fa4802892072e49de9c60c4c926",
                "sha256:8abb2f1d86890a2dfb989f9a77cfcfd3e47c2a354b01111771326f8aa26e0254"
            ],
            "markers": "python_version >= '2.7' and python_version not in '3.0, 3.1, 3.2, 3.3'",
            "version": "==1.16.0"
        },
        "toml": {
            "hashes": [
                "sha256:806143ae5bfb6a3c6e736a764057db0e6a0e05e338b5630894a5f779cabb4f9b",
                "sha256:b3bda1d108d5dd99f4a20d24d9c348e91c4db7ab1b749200bded2f839ccbe68f"
            ],
            "markers": "python_version >= '2.6' and python_version not in '3.0, 3.1, 3.2, 3.3'",
            "version": "==0.10.2"
        },
        "tomli": {
            "hashes": [
                "sha256:05b6166bff487dc068d322585c7ea4ef78deed501cc124060e0f238e89a9231f",
                "sha256:e3069e4be3ead9668e21cb9b074cd948f7b3113fd9c8bba083f48247aab8b11c"
            ],
            "markers": "python_version >= '3.6'",
            "version": "==1.2.3"
        },
        "traceback2": {
            "hashes": [
                "sha256:05acc67a09980c2ecfedd3423f7ae0104839eccb55fc645773e1caa0951c3030",
                "sha256:8253cebec4b19094d67cc5ed5af99bf1dba1285292226e98a31929f87a5d6b23"
            ],
            "version": "==1.4.0"
        },
        "typing-extensions": {
            "hashes": [
                "sha256:1511434bb92bf8dd198c12b1cc812e800d4181cfcb867674e0f8279cc93087aa",
                "sha256:16fa4864408f655d35ec496218b85f79b3437c829e93320c7c9215ccfd92489e"
            ],
            "markers": "python_version >= '3.7'",
            "version": "==4.4.0"
        },
        "unittest2": {
            "hashes": [
                "sha256:13f77d0875db6d9b435e1d4f41e74ad4cc2eb6e1d5c824996092b3430f088bb8",
                "sha256:22882a0e418c284e1f718a822b3b022944d53d2d908e1690b319a9d3eb2c0579"
            ],
            "index": "pypi",
            "version": "==1.1.0"
        },
        "urllib3": {
            "hashes": [
                "sha256:47cc05d99aaa09c9e72ed5809b60e7ba354e64b59c9c173ac3018642d8bb41fc",
                "sha256:c083dd0dce68dbfbe1129d5271cb90f9447dea7d52097c6e0126120c521ddea8"
            ],
            "markers": "python_version >= '2.7' and python_version not in '3.0, 3.1, 3.2, 3.3, 3.4, 3.5'",
            "version": "==1.26.13"
        }
    }
}
